# Generated by pub
# See https://dart.dev/tools/pub/glossary#lockfile
packages:
  charcode:
    dependency: transitive
    description:
      name: charcode
      sha256: fb0f1107cac15a5ea6ef0a6ef71a807b9e4267c713bb93e00e92d737cc8dbd8a
      url: "https://pub.dev"
    source: hosted
    version: "1.4.0"
  collection:
    dependency: transitive
    description:
      name: collection
      sha256: "2f5709ae4d3d59dd8f7cd309b4e023046b57d8a6c82130785d2b0e5868084e76"
      url: "https://pub.dev"
    source: hosted
    version: "1.19.1"
  ffi:
    dependency: transitive
    description:
      name: ffi
      sha256: "289279317b4b16eb2bb7e271abccd4bf84ec9bdcbe999e278a94b804f5630418"
      url: "https://pub.dev"
    source: hosted
    version: "2.1.4"
  floor_annotation:
    dependency: "direct main"
    description:
      path: "../floor_annotation"
      relative: true
    source: path
    version: "1.4.2"
  floor_common:
    dependency: "direct main"
    description:
      path: "../floor_common"
      relative: true
    source: path
    version: "1.2.0"
  meta:
    dependency: "direct main"
    description:
      name: meta
      sha256: e3641ec5d63ebf0d9b41bd43201a66e3fc79a65db5f61fc181f04cd27aab950c
      url: "https://pub.dev"
    source: hosted
    version: "1.16.0"
  path:
    dependency: "direct main"
    description:
      name: path
      sha256: "75cca69d1490965be98c73ceaea117e8a04dd21217b37b292c9ddbec0d955bc5"
      url: "https://pub.dev"
    source: hosted
    version: "1.9.1"
  source_span:
    dependency: transitive
    description:
      name: source_span
      sha256: "254ee5351d6cb365c859e20ee823c3bb479bf4a293c22d17a9f1bf144ce86f7c"
      url: "https://pub.dev"
    source: hosted
    version: "1.10.1"
  sqflite_common:
    dependency: transitive
    description:
      name: sqflite_common
      sha256: "84731e8bfd8303a3389903e01fb2141b6e59b5973cacbb0929021df08dddbe8b"
      url: "https://pub.dev"
    source: hosted
    version: "2.5.5"
  sqflite_common_ffi:
    dependency: "direct main"
    description:
      name: sqflite_common_ffi
      sha256: "1f3ef3888d3bfbb47785cc1dda0dc7dd7ebd8c1955d32a9e8e9dae1e38d1c4c1"
      url: "https://pub.dev"
    source: hosted
    version: "2.3.5"
  sqlite3:
    dependency: transitive
    description:
      name: sqlite3
      sha256: "32b632dda27d664f85520093ed6f735ae5c49b5b75345afb8b19411bc59bb53d"
      url: "https://pub.dev"
    source: hosted
    version: "2.7.4"
  sqlparser:
    dependency: transitive
    description:
      name: sqlparser
      sha256: "27dd0a9f0c02e22ac0eb42a23df9ea079ce69b52bb4a3b478d64e0ef34a263ee"
      url: "https://pub.dev"
    source: hosted
    version: "0.41.0"
  synchronized:
    dependency: transitive
    description:
      name: synchronized
      sha256: "0669c70faae6270521ee4f05bffd2919892d42d1276e6c495be80174b6bc0ef6"
      url: "https://pub.dev"
    source: hosted
    version: "3.3.1"
  term_glyph:
    dependency: transitive
    description:
      name: term_glyph
      sha256: "7f554798625ea768a7518313e58f83891c7f5024f88e46e7182a4558850a4b8e"
      url: "https://pub.dev"
    source: hosted
    version: "1.2.2"
  typed_data:
    dependency: transitive
    description:
      name: typed_data
      sha256: f9049c039ebfeb4cf7a7104a675823cd72dba8297f264b6637062516699fa006
      url: "https://pub.dev"
    source: hosted
    version: "1.4.0"
  web:
    dependency: transitive
    description:
      name: web
      sha256: "868d88a33d8a87b18ffc05f9f030ba328ffefba92d6c127917a2ba740f9cfe4a"
      url: "https://pub.dev"
    source: hosted
    version: "1.1.1"
sdks:
  dart: ">=3.7.0 <4.0.0"
